
Microsoft Visual Studio Solution File, Format Version 12.00
# Visual Studio Version 16
VisualStudioVersion = 16.0.30611.23
MinimumVisualStudioVersion = 10.0.40219.1
Project("{FAE04EC0-301F-11D3-BF4B-00C04F79EFBC}") = "fypwpf", "fypwpf.csproj", "{2D79E49F-6E2E-4AC1-9BB4-6E3BA71AB2F1}"
EndProject
Global
	GlobalSection(SolutionConfigurationPlatforms) = preSolution
		Debug|Any CPU = Debug|Any CPU
		Release|Any CPU = Release|Any CPU
	EndGlobalSection
	GlobalSection(ProjectConfigurationPlatforms) = postSolution
		{2D79E49F-6E2E-4AC1-9BB4-6E3BA71AB2F1}.Debug|Any CPU.ActiveCfg = Debug|Any CPU
		{2D79E49F-6E2E-4AC1-9BB4-6E3BA71AB2F1}.Debug|Any CPU.Build.0 = Debug|Any CPU
		{2D79E49F-6E2E-4AC1-9BB4-6E3BA71AB2F1}.Release|Any CPU.ActiveCfg = Release|Any CPU
		{2D79E49F-6E2E-4AC1-9BB4-6E3BA71AB2F1}.Release|Any CPU.Build.0 = Release|Any CPU
	EndGlobalSection
	GlobalSection(SolutionProperties) = preSolution
		HideSolutionNode = FALSE
	EndGlobalSection
	GlobalSection(ExtensibilityGlobals) = postSolution
		SolutionGuid = {47FC4953-709F-460E-B40A-3926FD395B47}
	EndGlobalSection
EndGlobal
